
Microsoft Visual Studio Solution File, Format Version 12.00
# Visual Studio Version 17
VisualStudioVersion = 17.8.34330.188
MinimumVisualStudioVersion = 10.0.40219.1
Project("{9A19103F-16F7-4668-BE54-9A1E7A4F7556}") = "ImplicitTypedLocalVariable", "ImplicitTypedLocalVariable\ImplicitTypedLocalVariable.csproj", "{7D6276E0-6EF6-40A5-9CD7-CC104D534A85}"
EndProject
Project("{9A19103F-16F7-4668-BE54-9A1E7A4F7556}") = "LINQ_Operators", "LINQ_Operators\LINQ_Operators.csproj", "{11986072-D968-4CD4-B5ED-BF09E7E21195}"
EndProject
Project("{9A19103F-16F7-4668-BE54-9A1E7A4F7556}") = "Syntax & Execution ways", "Deffered Execution & Where\Syntax & Execution ways.csproj", "{E46E854B-C7C7-4A63-9407-01517F694778}"
EndProject
Global
	GlobalSection(SolutionConfigurationPlatforms) = preSolution
		Debug|Any CPU = Debug|Any CPU
		Release|Any CPU = Release|Any CPU
	EndGlobalSection
	GlobalSection(ProjectConfigurationPlatforms) = postSolution
		{7D6276E0-6EF6-40A5-9CD7-CC104D534A85}.Debug|Any CPU.ActiveCfg = Debug|Any CPU
		{7D6276E0-6EF6-40A5-9CD7-CC104D534A85}.Debug|Any CPU.Build.0 = Debug|Any CPU
		{7D6276E0-6EF6-40A5-9CD7-CC104D534A85}.Release|Any CPU.ActiveCfg = Release|Any CPU
		{7D6276E0-6EF6-40A5-9CD7-CC104D534A85}.Release|Any CPU.Build.0 = Release|Any CPU
		{11986072-D968-4CD4-B5ED-BF09E7E21195}.Debug|Any CPU.ActiveCfg = Debug|Any CPU
		{11986072-D968-4CD4-B5ED-BF09E7E21195}.Debug|Any CPU.Build.0 = Debug|Any CPU
		{11986072-D968-4CD4-B5ED-BF09E7E21195}.Release|Any CPU.ActiveCfg = Release|Any CPU
		{11986072-D968-4CD4-B5ED-BF09E7E21195}.Release|Any CPU.Build.0 = Release|Any CPU
		{E46E854B-C7C7-4A63-9407-01517F694778}.Debug|Any CPU.ActiveCfg = Debug|Any CPU
		{E46E854B-C7C7-4A63-9407-01517F694778}.Debug|Any CPU.Build.0 = Debug|Any CPU
		{E46E854B-C7C7-4A63-9407-01517F694778}.Release|Any CPU.ActiveCfg = Release|Any CPU
		{E46E854B-C7C7-4A63-9407-01517F694778}.Release|Any CPU.Build.0 = Release|Any CPU
	EndGlobalSection
	GlobalSection(SolutionProperties) = preSolution
		HideSolutionNode = FALSE
	EndGlobalSection
	GlobalSection(ExtensibilityGlobals) = postSolution
		SolutionGuid = {6D6F1F00-136D-46BE-82B9-A6A988CB6AD8}
	EndGlobalSection
EndGlobal
